
Microsoft Visual Studio Solution File, Format Version 12.00
# Visual Studio 15
VisualStudioVersion = 15.0.26124.0
MinimumVisualStudioVersion = 15.0.26124.0
Project("{FAE04EC0-301F-11D3-BF4B-00C04F79EFBC}") = "Exercicio101", "Exercicio101\Exercicio101.csproj", "{B3BFC071-ECC7-47FB-B29F-A9D58F3EDF01}"
EndProject
Project("{FAE04EC0-301F-11D3-BF4B-00C04F79EFBC}") = "Exercicio102", "Exercicio102\Exercicio102.csproj", "{746CF7A4-A691-4050-A4E2-1286AEA6F656}"
EndProject
Project("{FAE04EC0-301F-11D3-BF4B-00C04F79EFBC}") = "Exercicio103", "Exercicio103\Exercicio103.csproj", "{4D40E289-97D8-4113-97A8-09CB8B63D35D}"
EndProject
Project("{FAE04EC0-301F-11D3-BF4B-00C04F79EFBC}") = "Exercicio104", "Exercicio104\Exercicio104.csproj", "{2DA97309-EDE1-4728-BCCA-A2506F0DE06E}"
EndProject
Project("{FAE04EC0-301F-11D3-BF4B-00C04F79EFBC}") = "Exercicio105", "Exercicio105\Exercicio105.csproj", "{40EC357D-3F77-4E9A-A018-F473ED5A51B6}"
EndProject
Project("{FAE04EC0-301F-11D3-BF4B-00C04F79EFBC}") = "Exercicio106", "Exercicio106\Exercicio106.csproj", "{7512CA2B-8910-4F1F-8029-29D41CC461BD}"
EndProject
Project("{FAE04EC0-301F-11D3-BF4B-00C04F79EFBC}") = "Exercicio107", "Exercicio107\Exercicio107.csproj", "{CCAFA353-583D-40A2-A442-34C5E304159B}"
EndProject
Project("{FAE04EC0-301F-11D3-BF4B-00C04F79EFBC}") = "Exercicio108", "Exercicio108\Exercicio108.csproj", "{4694CEE8-D96B-4090-9A6D-DD1BEAD28505}"
EndProject
Project("{FAE04EC0-301F-11D3-BF4B-00C04F79EFBC}") = "Exercicio109", "Exercicio109\Exercicio109.csproj", "{342AE5D4-7284-4702-A2C6-BBF609B95B58}"
EndProject
Project("{FAE04EC0-301F-11D3-BF4B-00C04F79EFBC}") = "Exercicio110", "Exercicio110\Exercicio110.csproj", "{EEF30BED-A410-4911-BB91-7CA983A20904}"
EndProject
Project("{FAE04EC0-301F-11D3-BF4B-00C04F79EFBC}") = "Exercicio111", "Exercicio111\Exercicio111.csproj", "{8A3A4E6F-FA30-42B1-8D84-BDFC40EA2C71}"
EndProject
Project("{FAE04EC0-301F-11D3-BF4B-00C04F79EFBC}") = "Exercicio112", "Exercicio112\Exercicio112.csproj", "{37ED58D6-DAD7-48A0-B080-0703CC4321B3}"
EndProject
Project("{FAE04EC0-301F-11D3-BF4B-00C04F79EFBC}") = "Exercicio113", "Exercicio113\Exercicio113.csproj", "{FFB97EF7-39A8-4448-805A-E7A5D94E0C6D}"
EndProject
Project("{FAE04EC0-301F-11D3-BF4B-00C04F79EFBC}") = "Exercicio114", "Exercicio114\Exercicio114.csproj", "{77754FF9-4049-46F0-B3A3-F9A658A1E01A}"
EndProject
Project("{FAE04EC0-301F-11D3-BF4B-00C04F79EFBC}") = "Exercicio115", "Exercicio115\Exercicio115.csproj", "{C536A259-9072-4DA4-8A7F-C2B635837C57}"
EndProject
Project("{FAE04EC0-301F-11D3-BF4B-00C04F79EFBC}") = "Exercicio116", "Exercicio116\Exercicio116.csproj", "{A60879CE-D5FD-4412-AF90-A413537C1825}"
EndProject
Project("{FAE04EC0-301F-11D3-BF4B-00C04F79EFBC}") = "Exercicio117", "Exercicio117\Exercicio117.csproj", "{8F75A944-F547-43D6-BBCB-F2E15E54DC33}"
EndProject
Project("{FAE04EC0-301F-11D3-BF4B-00C04F79EFBC}") = "Exercicio118", "Exercicio118\Exercicio118.csproj", "{403FE18A-09DE-4744-A2C8-55C34533BA3F}"
EndProject
Project("{FAE04EC0-301F-11D3-BF4B-00C04F79EFBC}") = "Exercicio119", "Exercicio119\Exercicio119.csproj", "{55FA843F-7452-4676-8687-AEC36C1CEF1A}"
EndProject
Project("{FAE04EC0-301F-11D3-BF4B-00C04F79EFBC}") = "Exercicio120", "Exercicio120\Exercicio120.csproj", "{68D5E2E4-AB66-48BD-AA15-EE239D1E4692}"
EndProject
Project("{FAE04EC0-301F-11D3-BF4B-00C04F79EFBC}") = "Exercicio121", "Exercicio121\Exercicio121.csproj", "{40266403-FFFE-4968-9B73-091299D2851A}"
EndProject
Project("{FAE04EC0-301F-11D3-BF4B-00C04F79EFBC}") = "Exercicio122", "Exercicio122\Exercicio122.csproj", "{906CD6AF-CF24-429B-BA85-193346024466}"
EndProject
Project("{FAE04EC0-301F-11D3-BF4B-00C04F79EFBC}") = "Exercicio123", "Exercicio123\Exercicio123.csproj", "{1A7FAD65-CFD3-47EB-8A33-C5A6AF9DBC00}"
EndProject
Project("{FAE04EC0-301F-11D3-BF4B-00C04F79EFBC}") = "Exercicio124", "Exercicio124\Exercicio124.csproj", "{D00135C9-6817-4008-B1D1-B8083BC59F3F}"
EndProject
Project("{FAE04EC0-301F-11D3-BF4B-00C04F79EFBC}") = "Exercicio201", "Exercicio201\Exercicio201.csproj", "{C67C11E8-6F9D-4D52-9FE4-5E2C5C981226}"
EndProject
Project("{FAE04EC0-301F-11D3-BF4B-00C04F79EFBC}") = "Exercicio202", "Exercicio202\Exercicio202.csproj", "{BF31A8A8-F33D-4560-B7F6-942CC6044D13}"
EndProject
Project("{FAE04EC0-301F-11D3-BF4B-00C04F79EFBC}") = "Exercicio203", "Exercicio203\Exercicio203.csproj", "{63C4E627-C152-4074-A9DC-DB9FCBE3223F}"
EndProject
Project("{FAE04EC0-301F-11D3-BF4B-00C04F79EFBC}") = "Exercicio204", "Exercicio204\Exercicio204.csproj", "{488ECB16-549F-4189-862B-8B84595334B1}"
EndProject
Project("{FAE04EC0-301F-11D3-BF4B-00C04F79EFBC}") = "Exercicio205", "Exercicio205\Exercicio205.csproj", "{53A30C7B-92F2-4A13-8242-75E86D943D43}"
EndProject
Project("{FAE04EC0-301F-11D3-BF4B-00C04F79EFBC}") = "Exercicio206", "Exercicio206\Exercicio206.csproj", "{686F3F7B-84C6-4CAD-A5E0-733E6225E349}"
EndProject
Project("{FAE04EC0-301F-11D3-BF4B-00C04F79EFBC}") = "Exercicio207", "Exercicio207\Exercicio207.csproj", "{C4BD61ED-8E26-4380-9322-07453A1A4A27}"
EndProject
Project("{FAE04EC0-301F-11D3-BF4B-00C04F79EFBC}") = "Exercicio208", "Exercicio208\Exercicio208.csproj", "{E1CE6AF6-942C-40DB-B717-9990B807B49F}"
EndProject
Project("{FAE04EC0-301F-11D3-BF4B-00C04F79EFBC}") = "Exercicio209", "Exercicio209\Exercicio209.csproj", "{18BFB137-04C1-4A41-AF0D-2F33CD0C3CDE}"
EndProject
Project("{FAE04EC0-301F-11D3-BF4B-00C04F79EFBC}") = "Exercicio210", "Exercicio210\Exercicio210.csproj", "{CE8882F8-A1A5-4733-BF2E-7003FA1E2CB8}"
EndProject
Project("{FAE04EC0-301F-11D3-BF4B-00C04F79EFBC}") = "Exercicio211", "Exercicio211\Exercicio211.csproj", "{4D619627-051F-4C0F-8C07-5278E1F203F9}"
EndProject
Project("{FAE04EC0-301F-11D3-BF4B-00C04F79EFBC}") = "Exercicio212", "Exercicio212\Exercicio212.csproj", "{8C184E8E-3C0B-48A6-934C-7DD7AE496C2C}"
EndProject
Project("{FAE04EC0-301F-11D3-BF4B-00C04F79EFBC}") = "Exercicio213", "Exercicio213\Exercicio213.csproj", "{F0C2D891-76A9-4D8B-99FD-F1A49174BCF8}"
EndProject
Project("{FAE04EC0-301F-11D3-BF4B-00C04F79EFBC}") = "Exercicio214", "Exercicio214\Exercicio214.csproj", "{DA28ACF1-1612-4740-BFE3-017184873D9B}"
EndProject
Project("{FAE04EC0-301F-11D3-BF4B-00C04F79EFBC}") = "Exercicio215", "Exercicio215\Exercicio215.csproj", "{B1F37480-00C9-4408-A22F-A56569E88E00}"
EndProject
Project("{FAE04EC0-301F-11D3-BF4B-00C04F79EFBC}") = "Exercicio216", "Exercicio216\Exercicio216.csproj", "{12140D13-0A15-4399-ACC4-C2C8379E8F44}"
EndProject
Project("{FAE04EC0-301F-11D3-BF4B-00C04F79EFBC}") = "Exercicio217", "Exercicio217\Exercicio217.csproj", "{647457C2-6386-47A4-B329-1F3D5B5E44A4}"
EndProject
Project("{FAE04EC0-301F-11D3-BF4B-00C04F79EFBC}") = "Exercicio217.Test", "Exercicio217.Test\Exercicio217.Test.csproj", "{81CF900A-7B6E-4D0F-94EE-DCEF8D031CBA}"
EndProject
Project("{FAE04EC0-301F-11D3-BF4B-00C04F79EFBC}") = "Exercicio216.Test", "Exercicio216.Test\Exercicio216.Test.csproj", "{178E55C6-1C1B-41A0-BDC0-2593D0C52247}"
EndProject
Global
	GlobalSection(SolutionConfigurationPlatforms) = preSolution
		Debug|Any CPU = Debug|Any CPU
		Debug|x64 = Debug|x64
		Debug|x86 = Debug|x86
		Release|Any CPU = Release|Any CPU
		Release|x64 = Release|x64
		Release|x86 = Release|x86
	EndGlobalSection
	GlobalSection(SolutionProperties) = preSolution
		HideSolutionNode = FALSE
	EndGlobalSection
	GlobalSection(ProjectConfigurationPlatforms) = postSolution
		{B3BFC071-ECC7-47FB-B29F-A9D58F3EDF01}.Debug|Any CPU.ActiveCfg = Debug|Any CPU
		{B3BFC071-ECC7-47FB-B29F-A9D58F3EDF01}.Debug|x64.ActiveCfg = Debug|Any CPU
		{B3BFC071-ECC7-47FB-B29F-A9D58F3EDF01}.Debug|x64.Build.0 = Debug|Any CPU
		{B3BFC071-ECC7-47FB-B29F-A9D58F3EDF01}.Debug|x86.ActiveCfg = Debug|Any CPU
		{B3BFC071-ECC7-47FB-B29F-A9D58F3EDF01}.Debug|x86.Build.0 = Debug|Any CPU
		{B3BFC071-ECC7-47FB-B29F-A9D58F3EDF01}.Release|Any CPU.ActiveCfg = Release|Any CPU
		{B3BFC071-ECC7-47FB-B29F-A9D58F3EDF01}.Release|Any CPU.Build.0 = Release|Any CPU
		{B3BFC071-ECC7-47FB-B29F-A9D58F3EDF01}.Release|x64.ActiveCfg = Release|Any CPU
		{B3BFC071-ECC7-47FB-B29F-A9D58F3EDF01}.Release|x64.Build.0 = Release|Any CPU
		{B3BFC071-ECC7-47FB-B29F-A9D58F3EDF01}.Release|x86.ActiveCfg = Release|Any CPU
		{B3BFC071-ECC7-47FB-B29F-A9D58F3EDF01}.Release|x86.Build.0 = Release|Any CPU
		{746CF7A4-A691-4050-A4E2-1286AEA6F656}.Debug|Any CPU.ActiveCfg = Debug|Any CPU
		{746CF7A4-A691-4050-A4E2-1286AEA6F656}.Debug|x64.ActiveCfg = Debug|Any CPU
		{746CF7A4-A691-4050-A4E2-1286AEA6F656}.Debug|x64.Build.0 = Debug|Any CPU
		{746CF7A4-A691-4050-A4E2-1286AEA6F656}.Debug|x86.ActiveCfg = Debug|Any CPU
		{746CF7A4-A691-4050-A4E2-1286AEA6F656}.Debug|x86.Build.0 = Debug|Any CPU
		{746CF7A4-A691-4050-A4E2-1286AEA6F656}.Release|Any CPU.ActiveCfg = Release|Any CPU
		{746CF7A4-A691-4050-A4E2-1286AEA6F656}.Release|Any CPU.Build.0 = Release|Any CPU
		{746CF7A4-A691-4050-A4E2-1286AEA6F656}.Release|x64.ActiveCfg = Release|Any CPU
		{746CF7A4-A691-4050-A4E2-1286AEA6F656}.Release|x64.Build.0 = Release|Any CPU
		{746CF7A4-A691-4050-A4E2-1286AEA6F656}.Release|x86.ActiveCfg = Release|Any CPU
		{746CF7A4-A691-4050-A4E2-1286AEA6F656}.Release|x86.Build.0 = Release|Any CPU
		{4D40E289-97D8-4113-97A8-09CB8B63D35D}.Debug|Any CPU.ActiveCfg = Debug|Any CPU
		{4D40E289-97D8-4113-97A8-09CB8B63D35D}.Debug|x64.ActiveCfg = Debug|Any CPU
		{4D40E289-97D8-4113-97A8-09CB8B63D35D}.Debug|x64.Build.0 = Debug|Any CPU
		{4D40E289-97D8-4113-97A8-09CB8B63D35D}.Debug|x86.ActiveCfg = Debug|Any CPU
		{4D40E289-97D8-4113-97A8-09CB8B63D35D}.Debug|x86.Build.0 = Debug|Any CPU
		{4D40E289-97D8-4113-97A8-09CB8B63D35D}.Release|Any CPU.ActiveCfg = Release|Any CPU
		{4D40E289-97D8-4113-97A8-09CB8B63D35D}.Release|Any CPU.Build.0 = Release|Any CPU
		{4D40E289-97D8-4113-97A8-09CB8B63D35D}.Release|x64.ActiveCfg = Release|Any CPU
		{4D40E289-97D8-4113-97A8-09CB8B63D35D}.Release|x64.Build.0 = Release|Any CPU
		{4D40E289-97D8-4113-97A8-09CB8B63D35D}.Release|x86.ActiveCfg = Release|Any CPU
		{4D40E289-97D8-4113-97A8-09CB8B63D35D}.Release|x86.Build.0 = Release|Any CPU
		{2DA97309-EDE1-4728-BCCA-A2506F0DE06E}.Debug|Any CPU.ActiveCfg = Debug|Any CPU
		{2DA97309-EDE1-4728-BCCA-A2506F0DE06E}.Debug|x64.ActiveCfg = Debug|Any CPU
		{2DA97309-EDE1-4728-BCCA-A2506F0DE06E}.Debug|x64.Build.0 = Debug|Any CPU
		{2DA97309-EDE1-4728-BCCA-A2506F0DE06E}.Debug|x86.ActiveCfg = Debug|Any CPU
		{2DA97309-EDE1-4728-BCCA-A2506F0DE06E}.Debug|x86.Build.0 = Debug|Any CPU
		{2DA97309-EDE1-4728-BCCA-A2506F0DE06E}.Release|Any CPU.ActiveCfg = Release|Any CPU
		{2DA97309-EDE1-4728-BCCA-A2506F0DE06E}.Release|Any CPU.Build.0 = Release|Any CPU
		{2DA97309-EDE1-4728-BCCA-A2506F0DE06E}.Release|x64.ActiveCfg = Release|Any CPU
		{2DA97309-EDE1-4728-BCCA-A2506F0DE06E}.Release|x64.Build.0 = Release|Any CPU
		{2DA97309-EDE1-4728-BCCA-A2506F0DE06E}.Release|x86.ActiveCfg = Release|Any CPU
		{2DA97309-EDE1-4728-BCCA-A2506F0DE06E}.Release|x86.Build.0 = Release|Any CPU
		{40EC357D-3F77-4E9A-A018-F473ED5A51B6}.Debug|Any CPU.ActiveCfg = Debug|Any CPU
		{40EC357D-3F77-4E9A-A018-F473ED5A51B6}.Debug|x64.ActiveCfg = Debug|Any CPU
		{40EC357D-3F77-4E9A-A018-F473ED5A51B6}.Debug|x64.Build.0 = Debug|Any CPU
		{40EC357D-3F77-4E9A-A018-F473ED5A51B6}.Debug|x86.ActiveCfg = Debug|Any CPU
		{40EC357D-3F77-4E9A-A018-F473ED5A51B6}.Debug|x86.Build.0 = Debug|Any CPU
		{40EC357D-3F77-4E9A-A018-F473ED5A51B6}.Release|Any CPU.ActiveCfg = Release|Any CPU
		{40EC357D-3F77-4E9A-A018-F473ED5A51B6}.Release|Any CPU.Build.0 = Release|Any CPU
		{40EC357D-3F77-4E9A-A018-F473ED5A51B6}.Release|x64.ActiveCfg = Release|Any CPU
		{40EC357D-3F77-4E9A-A018-F473ED5A51B6}.Release|x64.Build.0 = Release|Any CPU
		{40EC357D-3F77-4E9A-A018-F473ED5A51B6}.Release|x86.ActiveCfg = Release|Any CPU
		{40EC357D-3F77-4E9A-A018-F473ED5A51B6}.Release|x86.Build.0 = Release|Any CPU
		{7512CA2B-8910-4F1F-8029-29D41CC461BD}.Debug|Any CPU.ActiveCfg = Debug|Any CPU
		{7512CA2B-8910-4F1F-8029-29D41CC461BD}.Debug|x64.ActiveCfg = Debug|Any CPU
		{7512CA2B-8910-4F1F-8029-29D41CC461BD}.Debug|x64.Build.0 = Debug|Any CPU
		{7512CA2B-8910-4F1F-8029-29D41CC461BD}.Debug|x86.ActiveCfg = Debug|Any CPU
		{7512CA2B-8910-4F1F-8029-29D41CC461BD}.Debug|x86.Build.0 = Debug|Any CPU
		{7512CA2B-8910-4F1F-8029-29D41CC461BD}.Release|Any CPU.ActiveCfg = Release|Any CPU
		{7512CA2B-8910-4F1F-8029-29D41CC461BD}.Release|Any CPU.Build.0 = Release|Any CPU
		{7512CA2B-8910-4F1F-8029-29D41CC461BD}.Release|x64.ActiveCfg = Release|Any CPU
		{7512CA2B-8910-4F1F-8029-29D41CC461BD}.Release|x64.Build.0 = Release|Any CPU
		{7512CA2B-8910-4F1F-8029-29D41CC461BD}.Release|x86.ActiveCfg = Release|Any CPU
		{7512CA2B-8910-4F1F-8029-29D41CC461BD}.Release|x86.Build.0 = Release|Any CPU
		{CCAFA353-583D-40A2-A442-34C5E304159B}.Debug|Any CPU.ActiveCfg = Debug|Any CPU
		{CCAFA353-583D-40A2-A442-34C5E304159B}.Debug|x64.ActiveCfg = Debug|Any CPU
		{CCAFA353-583D-40A2-A442-34C5E304159B}.Debug|x64.Build.0 = Debug|Any CPU
		{CCAFA353-583D-40A2-A442-34C5E304159B}.Debug|x86.ActiveCfg = Debug|Any CPU
		{CCAFA353-583D-40A2-A442-34C5E304159B}.Debug|x86.Build.0 = Debug|Any CPU
		{CCAFA353-583D-40A2-A442-34C5E304159B}.Release|Any CPU.ActiveCfg = Release|Any CPU
		{CCAFA353-583D-40A2-A442-34C5E304159B}.Release|Any CPU.Build.0 = Release|Any CPU
		{CCAFA353-583D-40A2-A442-34C5E304159B}.Release|x64.ActiveCfg = Release|Any CPU
		{CCAFA353-583D-40A2-A442-34C5E304159B}.Release|x64.Build.0 = Release|Any CPU
		{CCAFA353-583D-40A2-A442-34C5E304159B}.Release|x86.ActiveCfg = Release|Any CPU
		{CCAFA353-583D-40A2-A442-34C5E304159B}.Release|x86.Build.0 = Release|Any CPU
		{4694CEE8-D96B-4090-9A6D-DD1BEAD28505}.Debug|Any CPU.ActiveCfg = Debug|Any CPU
		{4694CEE8-D96B-4090-9A6D-DD1BEAD28505}.Debug|x64.ActiveCfg = Debug|Any CPU
		{4694CEE8-D96B-4090-9A6D-DD1BEAD28505}.Debug|x64.Build.0 = Debug|Any CPU
		{4694CEE8-D96B-4090-9A6D-DD1BEAD28505}.Debug|x86.ActiveCfg = Debug|Any CPU
		{4694CEE8-D96B-4090-9A6D-DD1BEAD28505}.Debug|x86.Build.0 = Debug|Any CPU
		{4694CEE8-D96B-4090-9A6D-DD1BEAD28505}.Release|Any CPU.ActiveCfg = Release|Any CPU
		{4694CEE8-D96B-4090-9A6D-DD1BEAD28505}.Release|Any CPU.Build.0 = Release|Any CPU
		{4694CEE8-D96B-4090-9A6D-DD1BEAD28505}.Release|x64.ActiveCfg = Release|Any CPU
		{4694CEE8-D96B-4090-9A6D-DD1BEAD28505}.Release|x64.Build.0 = Release|Any CPU
		{4694CEE8-D96B-4090-9A6D-DD1BEAD28505}.Release|x86.ActiveCfg = Release|Any CPU
		{4694CEE8-D96B-4090-9A6D-DD1BEAD28505}.Release|x86.Build.0 = Release|Any CPU
		{342AE5D4-7284-4702-A2C6-BBF609B95B58}.Debug|Any CPU.ActiveCfg = Debug|Any CPU
		{342AE5D4-7284-4702-A2C6-BBF609B95B58}.Debug|x64.ActiveCfg = Debug|Any CPU
		{342AE5D4-7284-4702-A2C6-BBF609B95B58}.Debug|x64.Build.0 = Debug|Any CPU
		{342AE5D4-7284-4702-A2C6-BBF609B95B58}.Debug|x86.ActiveCfg = Debug|Any CPU
		{342AE5D4-7284-4702-A2C6-BBF609B95B58}.Debug|x86.Build.0 = Debug|Any CPU
		{342AE5D4-7284-4702-A2C6-BBF609B95B58}.Release|Any CPU.ActiveCfg = Release|Any CPU
		{342AE5D4-7284-4702-A2C6-BBF609B95B58}.Release|Any CPU.Build.0 = Release|Any CPU
		{342AE5D4-7284-4702-A2C6-BBF609B95B58}.Release|x64.ActiveCfg = Release|Any CPU
		{342AE5D4-7284-4702-A2C6-BBF609B95B58}.Release|x64.Build.0 = Release|Any CPU
		{342AE5D4-7284-4702-A2C6-BBF609B95B58}.Release|x86.ActiveCfg = Release|Any CPU
		{342AE5D4-7284-4702-A2C6-BBF609B95B58}.Release|x86.Build.0 = Release|Any CPU
		{EEF30BED-A410-4911-BB91-7CA983A20904}.Debug|Any CPU.ActiveCfg = Debug|Any CPU
		{EEF30BED-A410-4911-BB91-7CA983A20904}.Debug|x64.ActiveCfg = Debug|Any CPU
		{EEF30BED-A410-4911-BB91-7CA983A20904}.Debug|x64.Build.0 = Debug|Any CPU
		{EEF30BED-A410-4911-BB91-7CA983A20904}.Debug|x86.ActiveCfg = Debug|Any CPU
		{EEF30BED-A410-4911-BB91-7CA983A20904}.Debug|x86.Build.0 = Debug|Any CPU
		{EEF30BED-A410-4911-BB91-7CA983A20904}.Release|Any CPU.ActiveCfg = Release|Any CPU
		{EEF30BED-A410-4911-BB91-7CA983A20904}.Release|Any CPU.Build.0 = Release|Any CPU
		{EEF30BED-A410-4911-BB91-7CA983A20904}.Release|x64.ActiveCfg = Release|Any CPU
		{EEF30BED-A410-4911-BB91-7CA983A20904}.Release|x64.Build.0 = Release|Any CPU
		{EEF30BED-A410-4911-BB91-7CA983A20904}.Release|x86.ActiveCfg = Release|Any CPU
		{EEF30BED-A410-4911-BB91-7CA983A20904}.Release|x86.Build.0 = Release|Any CPU
		{8A3A4E6F-FA30-42B1-8D84-BDFC40EA2C71}.Debug|Any CPU.ActiveCfg = Debug|Any CPU
		{8A3A4E6F-FA30-42B1-8D84-BDFC40EA2C71}.Debug|x64.ActiveCfg = Debug|Any CPU
		{8A3A4E6F-FA30-42B1-8D84-BDFC40EA2C71}.Debug|x64.Build.0 = Debug|Any CPU
		{8A3A4E6F-FA30-42B1-8D84-BDFC40EA2C71}.Debug|x86.ActiveCfg = Debug|Any CPU
		{8A3A4E6F-FA30-42B1-8D84-BDFC40EA2C71}.Debug|x86.Build.0 = Debug|Any CPU
		{8A3A4E6F-FA30-42B1-8D84-BDFC40EA2C71}.Release|Any CPU.ActiveCfg = Release|Any CPU
		{8A3A4E6F-FA30-42B1-8D84-BDFC40EA2C71}.Release|Any CPU.Build.0 = Release|Any CPU
		{8A3A4E6F-FA30-42B1-8D84-BDFC40EA2C71}.Release|x64.ActiveCfg = Release|Any CPU
		{8A3A4E6F-FA30-42B1-8D84-BDFC40EA2C71}.Release|x64.Build.0 = Release|Any CPU
		{8A3A4E6F-FA30-42B1-8D84-BDFC40EA2C71}.Release|x86.ActiveCfg = Release|Any CPU
		{8A3A4E6F-FA30-42B1-8D84-BDFC40EA2C71}.Release|x86.Build.0 = Release|Any CPU
		{37ED58D6-DAD7-48A0-B080-0703CC4321B3}.Debug|Any CPU.ActiveCfg = Debug|Any CPU
		{37ED58D6-DAD7-48A0-B080-0703CC4321B3}.Debug|x64.ActiveCfg = Debug|Any CPU
		{37ED58D6-DAD7-48A0-B080-0703CC4321B3}.Debug|x64.Build.0 = Debug|Any CPU
		{37ED58D6-DAD7-48A0-B080-0703CC4321B3}.Debug|x86.ActiveCfg = Debug|Any CPU
		{37ED58D6-DAD7-48A0-B080-0703CC4321B3}.Debug|x86.Build.0 = Debug|Any CPU
		{37ED58D6-DAD7-48A0-B080-0703CC4321B3}.Release|Any CPU.ActiveCfg = Release|Any CPU
		{37ED58D6-DAD7-48A0-B080-0703CC4321B3}.Release|Any CPU.Build.0 = Release|Any CPU
		{37ED58D6-DAD7-48A0-B080-0703CC4321B3}.Release|x64.ActiveCfg = Release|Any CPU
		{37ED58D6-DAD7-48A0-B080-0703CC4321B3}.Release|x64.Build.0 = Release|Any CPU
		{37ED58D6-DAD7-48A0-B080-0703CC4321B3}.Release|x86.ActiveCfg = Release|Any CPU
		{37ED58D6-DAD7-48A0-B080-0703CC4321B3}.Release|x86.Build.0 = Release|Any CPU
		{FFB97EF7-39A8-4448-805A-E7A5D94E0C6D}.Debug|Any CPU.ActiveCfg = Debug|Any CPU
		{FFB97EF7-39A8-4448-805A-E7A5D94E0C6D}.Debug|x64.ActiveCfg = Debug|Any CPU
		{FFB97EF7-39A8-4448-805A-E7A5D94E0C6D}.Debug|x64.Build.0 = Debug|Any CPU
		{FFB97EF7-39A8-4448-805A-E7A5D94E0C6D}.Debug|x86.ActiveCfg = Debug|Any CPU
		{FFB97EF7-39A8-4448-805A-E7A5D94E0C6D}.Debug|x86.Build.0 = Debug|Any CPU
		{FFB97EF7-39A8-4448-805A-E7A5D94E0C6D}.Release|Any CPU.ActiveCfg = Release|Any CPU
		{FFB97EF7-39A8-4448-805A-E7A5D94E0C6D}.Release|Any CPU.Build.0 = Release|Any CPU
		{FFB97EF7-39A8-4448-805A-E7A5D94E0C6D}.Release|x64.ActiveCfg = Release|Any CPU
		{FFB97EF7-39A8-4448-805A-E7A5D94E0C6D}.Release|x64.Build.0 = Release|Any CPU
		{FFB97EF7-39A8-4448-805A-E7A5D94E0C6D}.Release|x86.ActiveCfg = Release|Any CPU
		{FFB97EF7-39A8-4448-805A-E7A5D94E0C6D}.Release|x86.Build.0 = Release|Any CPU
		{77754FF9-4049-46F0-B3A3-F9A658A1E01A}.Debug|Any CPU.ActiveCfg = Debug|Any CPU
		{77754FF9-4049-46F0-B3A3-F9A658A1E01A}.Debug|x64.ActiveCfg = Debug|Any CPU
		{77754FF9-4049-46F0-B3A3-F9A658A1E01A}.Debug|x64.Build.0 = Debug|Any CPU
		{77754FF9-4049-46F0-B3A3-F9A658A1E01A}.Debug|x86.ActiveCfg = Debug|Any CPU
		{77754FF9-4049-46F0-B3A3-F9A658A1E01A}.Debug|x86.Build.0 = Debug|Any CPU
		{77754FF9-4049-46F0-B3A3-F9A658A1E01A}.Release|Any CPU.ActiveCfg = Release|Any CPU
		{77754FF9-4049-46F0-B3A3-F9A658A1E01A}.Release|Any CPU.Build.0 = Release|Any CPU
		{77754FF9-4049-46F0-B3A3-F9A658A1E01A}.Release|x64.ActiveCfg = Release|Any CPU
		{77754FF9-4049-46F0-B3A3-F9A658A1E01A}.Release|x64.Build.0 = Release|Any CPU
		{77754FF9-4049-46F0-B3A3-F9A658A1E01A}.Release|x86.ActiveCfg = Release|Any CPU
		{77754FF9-4049-46F0-B3A3-F9A658A1E01A}.Release|x86.Build.0 = Release|Any CPU
		{C536A259-9072-4DA4-8A7F-C2B635837C57}.Debug|Any CPU.ActiveCfg = Debug|Any CPU
		{C536A259-9072-4DA4-8A7F-C2B635837C57}.Debug|x64.ActiveCfg = Debug|Any CPU
		{C536A259-9072-4DA4-8A7F-C2B635837C57}.Debug|x64.Build.0 = Debug|Any CPU
		{C536A259-9072-4DA4-8A7F-C2B635837C57}.Debug|x86.ActiveCfg = Debug|Any CPU
		{C536A259-9072-4DA4-8A7F-C2B635837C57}.Debug|x86.Build.0 = Debug|Any CPU
		{C536A259-9072-4DA4-8A7F-C2B635837C57}.Release|Any CPU.ActiveCfg = Release|Any CPU
		{C536A259-9072-4DA4-8A7F-C2B635837C57}.Release|Any CPU.Build.0 = Release|Any CPU
		{C536A259-9072-4DA4-8A7F-C2B635837C57}.Release|x64.ActiveCfg = Release|Any CPU
		{C536A259-9072-4DA4-8A7F-C2B635837C57}.Release|x64.Build.0 = Release|Any CPU
		{C536A259-9072-4DA4-8A7F-C2B635837C57}.Release|x86.ActiveCfg = Release|Any CPU
		{C536A259-9072-4DA4-8A7F-C2B635837C57}.Release|x86.Build.0 = Release|Any CPU
		{A60879CE-D5FD-4412-AF90-A413537C1825}.Debug|Any CPU.ActiveCfg = Debug|Any CPU
		{A60879CE-D5FD-4412-AF90-A413537C1825}.Debug|x64.ActiveCfg = Debug|Any CPU
		{A60879CE-D5FD-4412-AF90-A413537C1825}.Debug|x64.Build.0 = Debug|Any CPU
		{A60879CE-D5FD-4412-AF90-A413537C1825}.Debug|x86.ActiveCfg = Debug|Any CPU
		{A60879CE-D5FD-4412-AF90-A413537C1825}.Debug|x86.Build.0 = Debug|Any CPU
		{A60879CE-D5FD-4412-AF90-A413537C1825}.Release|Any CPU.ActiveCfg = Release|Any CPU
		{A60879CE-D5FD-4412-AF90-A413537C1825}.Release|Any CPU.Build.0 = Release|Any CPU
		{A60879CE-D5FD-4412-AF90-A413537C1825}.Release|x64.ActiveCfg = Release|Any CPU
		{A60879CE-D5FD-4412-AF90-A413537C1825}.Release|x64.Build.0 = Release|Any CPU
		{A60879CE-D5FD-4412-AF90-A413537C1825}.Release|x86.ActiveCfg = Release|Any CPU
		{A60879CE-D5FD-4412-AF90-A413537C1825}.Release|x86.Build.0 = Release|Any CPU
		{8F75A944-F547-43D6-BBCB-F2E15E54DC33}.Debug|Any CPU.ActiveCfg = Debug|Any CPU
		{8F75A944-F547-43D6-BBCB-F2E15E54DC33}.Debug|x64.ActiveCfg = Debug|Any CPU
		{8F75A944-F547-43D6-BBCB-F2E15E54DC33}.Debug|x64.Build.0 = Debug|Any CPU
		{8F75A944-F547-43D6-BBCB-F2E15E54DC33}.Debug|x86.ActiveCfg = Debug|Any CPU
		{8F75A944-F547-43D6-BBCB-F2E15E54DC33}.Debug|x86.Build.0 = Debug|Any CPU
		{8F75A944-F547-43D6-BBCB-F2E15E54DC33}.Release|Any CPU.ActiveCfg = Release|Any CPU
		{8F75A944-F547-43D6-BBCB-F2E15E54DC33}.Release|Any CPU.Build.0 = Release|Any CPU
		{8F75A944-F547-43D6-BBCB-F2E15E54DC33}.Release|x64.ActiveCfg = Release|Any CPU
		{8F75A944-F547-43D6-BBCB-F2E15E54DC33}.Release|x64.Build.0 = Release|Any CPU
		{8F75A944-F547-43D6-BBCB-F2E15E54DC33}.Release|x86.ActiveCfg = Release|Any CPU
		{8F75A944-F547-43D6-BBCB-F2E15E54DC33}.Release|x86.Build.0 = Release|Any CPU
		{403FE18A-09DE-4744-A2C8-55C34533BA3F}.Debug|Any CPU.ActiveCfg = Debug|Any CPU
		{403FE18A-09DE-4744-A2C8-55C34533BA3F}.Debug|x64.ActiveCfg = Debug|Any CPU
		{403FE18A-09DE-4744-A2C8-55C34533BA3F}.Debug|x64.Build.0 = Debug|Any CPU
		{403FE18A-09DE-4744-A2C8-55C34533BA3F}.Debug|x86.ActiveCfg = Debug|Any CPU
		{403FE18A-09DE-4744-A2C8-55C34533BA3F}.Debug|x86.Build.0 = Debug|Any CPU
		{403FE18A-09DE-4744-A2C8-55C34533BA3F}.Release|Any CPU.ActiveCfg = Release|Any CPU
		{403FE18A-09DE-4744-A2C8-55C34533BA3F}.Release|Any CPU.Build.0 = Release|Any CPU
		{403FE18A-09DE-4744-A2C8-55C34533BA3F}.Release|x64.ActiveCfg = Release|Any CPU
		{403FE18A-09DE-4744-A2C8-55C34533BA3F}.Release|x64.Build.0 = Release|Any CPU
		{403FE18A-09DE-4744-A2C8-55C34533BA3F}.Release|x86.ActiveCfg = Release|Any CPU
		{403FE18A-09DE-4744-A2C8-55C34533BA3F}.Release|x86.Build.0 = Release|Any CPU
		{55FA843F-7452-4676-8687-AEC36C1CEF1A}.Debug|Any CPU.ActiveCfg = Debug|Any CPU
		{55FA843F-7452-4676-8687-AEC36C1CEF1A}.Debug|x64.ActiveCfg = Debug|Any CPU
		{55FA843F-7452-4676-8687-AEC36C1CEF1A}.Debug|x64.Build.0 = Debug|Any CPU
		{55FA843F-7452-4676-8687-AEC36C1CEF1A}.Debug|x86.ActiveCfg = Debug|Any CPU
		{55FA843F-7452-4676-8687-AEC36C1CEF1A}.Debug|x86.Build.0 = Debug|Any CPU
		{55FA843F-7452-4676-8687-AEC36C1CEF1A}.Release|Any CPU.ActiveCfg = Release|Any CPU
		{55FA843F-7452-4676-8687-AEC36C1CEF1A}.Release|Any CPU.Build.0 = Release|Any CPU
		{55FA843F-7452-4676-8687-AEC36C1CEF1A}.Release|x64.ActiveCfg = Release|Any CPU
		{55FA843F-7452-4676-8687-AEC36C1CEF1A}.Release|x64.Build.0 = Release|Any CPU
		{55FA843F-7452-4676-8687-AEC36C1CEF1A}.Release|x86.ActiveCfg = Release|Any CPU
		{55FA843F-7452-4676-8687-AEC36C1CEF1A}.Release|x86.Build.0 = Release|Any CPU
		{68D5E2E4-AB66-48BD-AA15-EE239D1E4692}.Debug|Any CPU.ActiveCfg = Debug|Any CPU
		{68D5E2E4-AB66-48BD-AA15-EE239D1E4692}.Debug|x64.ActiveCfg = Debug|Any CPU
		{68D5E2E4-AB66-48BD-AA15-EE239D1E4692}.Debug|x64.Build.0 = Debug|Any CPU
		{68D5E2E4-AB66-48BD-AA15-EE239D1E4692}.Debug|x86.ActiveCfg = Debug|Any CPU
		{68D5E2E4-AB66-48BD-AA15-EE239D1E4692}.Debug|x86.Build.0 = Debug|Any CPU
		{68D5E2E4-AB66-48BD-AA15-EE239D1E4692}.Release|Any CPU.ActiveCfg = Release|Any CPU
		{68D5E2E4-AB66-48BD-AA15-EE239D1E4692}.Release|Any CPU.Build.0 = Release|Any CPU
		{68D5E2E4-AB66-48BD-AA15-EE239D1E4692}.Release|x64.ActiveCfg = Release|Any CPU
		{68D5E2E4-AB66-48BD-AA15-EE239D1E4692}.Release|x64.Build.0 = Release|Any CPU
		{68D5E2E4-AB66-48BD-AA15-EE239D1E4692}.Release|x86.ActiveCfg = Release|Any CPU
		{68D5E2E4-AB66-48BD-AA15-EE239D1E4692}.Release|x86.Build.0 = Release|Any CPU
		{40266403-FFFE-4968-9B73-091299D2851A}.Debug|Any CPU.ActiveCfg = Debug|Any CPU
		{40266403-FFFE-4968-9B73-091299D2851A}.Debug|x64.ActiveCfg = Debug|Any CPU
		{40266403-FFFE-4968-9B73-091299D2851A}.Debug|x64.Build.0 = Debug|Any CPU
		{40266403-FFFE-4968-9B73-091299D2851A}.Debug|x86.ActiveCfg = Debug|Any CPU
		{40266403-FFFE-4968-9B73-091299D2851A}.Debug|x86.Build.0 = Debug|Any CPU
		{40266403-FFFE-4968-9B73-091299D2851A}.Release|Any CPU.ActiveCfg = Release|Any CPU
		{40266403-FFFE-4968-9B73-091299D2851A}.Release|Any CPU.Build.0 = Release|Any CPU
		{40266403-FFFE-4968-9B73-091299D2851A}.Release|x64.ActiveCfg = Release|Any CPU
		{40266403-FFFE-4968-9B73-091299D2851A}.Release|x64.Build.0 = Release|Any CPU
		{40266403-FFFE-4968-9B73-091299D2851A}.Release|x86.ActiveCfg = Release|Any CPU
		{40266403-FFFE-4968-9B73-091299D2851A}.Release|x86.Build.0 = Release|Any CPU
		{906CD6AF-CF24-429B-BA85-193346024466}.Debug|Any CPU.ActiveCfg = Debug|Any CPU
		{906CD6AF-CF24-429B-BA85-193346024466}.Debug|x64.ActiveCfg = Debug|Any CPU
		{906CD6AF-CF24-429B-BA85-193346024466}.Debug|x64.Build.0 = Debug|Any CPU
		{906CD6AF-CF24-429B-BA85-193346024466}.Debug|x86.ActiveCfg = Debug|Any CPU
		{906CD6AF-CF24-429B-BA85-193346024466}.Debug|x86.Build.0 = Debug|Any CPU
		{906CD6AF-CF24-429B-BA85-193346024466}.Release|Any CPU.ActiveCfg = Release|Any CPU
		{906CD6AF-CF24-429B-BA85-193346024466}.Release|Any CPU.Build.0 = Release|Any CPU
		{906CD6AF-CF24-429B-BA85-193346024466}.Release|x64.ActiveCfg = Release|Any CPU
		{906CD6AF-CF24-429B-BA85-193346024466}.Release|x64.Build.0 = Release|Any CPU
		{906CD6AF-CF24-429B-BA85-193346024466}.Release|x86.ActiveCfg = Release|Any CPU
		{906CD6AF-CF24-429B-BA85-193346024466}.Release|x86.Build.0 = Release|Any CPU
		{1A7FAD65-CFD3-47EB-8A33-C5A6AF9DBC00}.Debug|Any CPU.ActiveCfg = Debug|Any CPU
		{1A7FAD65-CFD3-47EB-8A33-C5A6AF9DBC00}.Debug|x64.ActiveCfg = Debug|Any CPU
		{1A7FAD65-CFD3-47EB-8A33-C5A6AF9DBC00}.Debug|x64.Build.0 = Debug|Any CPU
		{1A7FAD65-CFD3-47EB-8A33-C5A6AF9DBC00}.Debug|x86.ActiveCfg = Debug|Any CPU
		{1A7FAD65-CFD3-47EB-8A33-C5A6AF9DBC00}.Debug|x86.Build.0 = Debug|Any CPU
		{1A7FAD65-CFD3-47EB-8A33-C5A6AF9DBC00}.Release|Any CPU.ActiveCfg = Release|Any CPU
		{1A7FAD65-CFD3-47EB-8A33-C5A6AF9DBC00}.Release|Any CPU.Build.0 = Release|Any CPU
		{1A7FAD65-CFD3-47EB-8A33-C5A6AF9DBC00}.Release|x64.ActiveCfg = Release|Any CPU
		{1A7FAD65-CFD3-47EB-8A33-C5A6AF9DBC00}.Release|x64.Build.0 = Release|Any CPU
		{1A7FAD65-CFD3-47EB-8A33-C5A6AF9DBC00}.Release|x86.ActiveCfg = Release|Any CPU
		{1A7FAD65-CFD3-47EB-8A33-C5A6AF9DBC00}.Release|x86.Build.0 = Release|Any CPU
		{D00135C9-6817-4008-B1D1-B8083BC59F3F}.Debug|Any CPU.ActiveCfg = Debug|Any CPU
		{D00135C9-6817-4008-B1D1-B8083BC59F3F}.Debug|x64.ActiveCfg = Debug|Any CPU
		{D00135C9-6817-4008-B1D1-B8083BC59F3F}.Debug|x64.Build.0 = Debug|Any CPU
		{D00135C9-6817-4008-B1D1-B8083BC59F3F}.Debug|x86.ActiveCfg = Debug|Any CPU
		{D00135C9-6817-4008-B1D1-B8083BC59F3F}.Debug|x86.Build.0 = Debug|Any CPU
		{D00135C9-6817-4008-B1D1-B8083BC59F3F}.Release|Any CPU.ActiveCfg = Release|Any CPU
		{D00135C9-6817-4008-B1D1-B8083BC59F3F}.Release|Any CPU.Build.0 = Release|Any CPU
		{D00135C9-6817-4008-B1D1-B8083BC59F3F}.Release|x64.ActiveCfg = Release|Any CPU
		{D00135C9-6817-4008-B1D1-B8083BC59F3F}.Release|x64.Build.0 = Release|Any CPU
		{D00135C9-6817-4008-B1D1-B8083BC59F3F}.Release|x86.ActiveCfg = Release|Any CPU
		{D00135C9-6817-4008-B1D1-B8083BC59F3F}.Release|x86.Build.0 = Release|Any CPU
		{C67C11E8-6F9D-4D52-9FE4-5E2C5C981226}.Debug|Any CPU.ActiveCfg = Debug|Any CPU
		{C67C11E8-6F9D-4D52-9FE4-5E2C5C981226}.Debug|x64.ActiveCfg = Debug|Any CPU
		{C67C11E8-6F9D-4D52-9FE4-5E2C5C981226}.Debug|x64.Build.0 = Debug|Any CPU
		{C67C11E8-6F9D-4D52-9FE4-5E2C5C981226}.Debug|x86.ActiveCfg = Debug|Any CPU
		{C67C11E8-6F9D-4D52-9FE4-5E2C5C981226}.Debug|x86.Build.0 = Debug|Any CPU
		{C67C11E8-6F9D-4D52-9FE4-5E2C5C981226}.Release|Any CPU.ActiveCfg = Release|Any CPU
		{C67C11E8-6F9D-4D52-9FE4-5E2C5C981226}.Release|Any CPU.Build.0 = Release|Any CPU
		{C67C11E8-6F9D-4D52-9FE4-5E2C5C981226}.Release|x64.ActiveCfg = Release|Any CPU
		{C67C11E8-6F9D-4D52-9FE4-5E2C5C981226}.Release|x64.Build.0 = Release|Any CPU
		{C67C11E8-6F9D-4D52-9FE4-5E2C5C981226}.Release|x86.ActiveCfg = Release|Any CPU
		{C67C11E8-6F9D-4D52-9FE4-5E2C5C981226}.Release|x86.Build.0 = Release|Any CPU
		{BF31A8A8-F33D-4560-B7F6-942CC6044D13}.Debug|Any CPU.ActiveCfg = Debug|Any CPU
		{BF31A8A8-F33D-4560-B7F6-942CC6044D13}.Debug|x64.ActiveCfg = Debug|Any CPU
		{BF31A8A8-F33D-4560-B7F6-942CC6044D13}.Debug|x64.Build.0 = Debug|Any CPU
		{BF31A8A8-F33D-4560-B7F6-942CC6044D13}.Debug|x86.ActiveCfg = Debug|Any CPU
		{BF31A8A8-F33D-4560-B7F6-942CC6044D13}.Debug|x86.Build.0 = Debug|Any CPU
		{BF31A8A8-F33D-4560-B7F6-942CC6044D13}.Release|Any CPU.ActiveCfg = Release|Any CPU
		{BF31A8A8-F33D-4560-B7F6-942CC6044D13}.Release|Any CPU.Build.0 = Release|Any CPU
		{BF31A8A8-F33D-4560-B7F6-942CC6044D13}.Release|x64.ActiveCfg = Release|Any CPU
		{BF31A8A8-F33D-4560-B7F6-942CC6044D13}.Release|x64.Build.0 = Release|Any CPU
		{BF31A8A8-F33D-4560-B7F6-942CC6044D13}.Release|x86.ActiveCfg = Release|Any CPU
		{BF31A8A8-F33D-4560-B7F6-942CC6044D13}.Release|x86.Build.0 = Release|Any CPU
		{63C4E627-C152-4074-A9DC-DB9FCBE3223F}.Debug|Any CPU.ActiveCfg = Debug|Any CPU
		{63C4E627-C152-4074-A9DC-DB9FCBE3223F}.Debug|x64.ActiveCfg = Debug|Any CPU
		{63C4E627-C152-4074-A9DC-DB9FCBE3223F}.Debug|x64.Build.0 = Debug|Any CPU
		{63C4E627-C152-4074-A9DC-DB9FCBE3223F}.Debug|x86.ActiveCfg = Debug|Any CPU
		{63C4E627-C152-4074-A9DC-DB9FCBE3223F}.Debug|x86.Build.0 = Debug|Any CPU
		{63C4E627-C152-4074-A9DC-DB9FCBE3223F}.Release|Any CPU.ActiveCfg = Release|Any CPU
		{63C4E627-C152-4074-A9DC-DB9FCBE3223F}.Release|Any CPU.Build.0 = Release|Any CPU
		{63C4E627-C152-4074-A9DC-DB9FCBE3223F}.Release|x64.ActiveCfg = Release|Any CPU
		{63C4E627-C152-4074-A9DC-DB9FCBE3223F}.Release|x64.Build.0 = Release|Any CPU
		{63C4E627-C152-4074-A9DC-DB9FCBE3223F}.Release|x86.ActiveCfg = Release|Any CPU
		{63C4E627-C152-4074-A9DC-DB9FCBE3223F}.Release|x86.Build.0 = Release|Any CPU
		{488ECB16-549F-4189-862B-8B84595334B1}.Debug|Any CPU.ActiveCfg = Debug|Any CPU
		{488ECB16-549F-4189-862B-8B84595334B1}.Debug|x64.ActiveCfg = Debug|Any CPU
		{488ECB16-549F-4189-862B-8B84595334B1}.Debug|x64.Build.0 = Debug|Any CPU
		{488ECB16-549F-4189-862B-8B84595334B1}.Debug|x86.ActiveCfg = Debug|Any CPU
		{488ECB16-549F-4189-862B-8B84595334B1}.Debug|x86.Build.0 = Debug|Any CPU
		{488ECB16-549F-4189-862B-8B84595334B1}.Release|Any CPU.ActiveCfg = Release|Any CPU
		{488ECB16-549F-4189-862B-8B84595334B1}.Release|Any CPU.Build.0 = Release|Any CPU
		{488ECB16-549F-4189-862B-8B84595334B1}.Release|x64.ActiveCfg = Release|Any CPU
		{488ECB16-549F-4189-862B-8B84595334B1}.Release|x64.Build.0 = Release|Any CPU
		{488ECB16-549F-4189-862B-8B84595334B1}.Release|x86.ActiveCfg = Release|Any CPU
		{488ECB16-549F-4189-862B-8B84595334B1}.Release|x86.Build.0 = Release|Any CPU
		{53A30C7B-92F2-4A13-8242-75E86D943D43}.Debug|Any CPU.ActiveCfg = Debug|Any CPU
		{53A30C7B-92F2-4A13-8242-75E86D943D43}.Debug|x64.ActiveCfg = Debug|Any CPU
		{53A30C7B-92F2-4A13-8242-75E86D943D43}.Debug|x64.Build.0 = Debug|Any CPU
		{53A30C7B-92F2-4A13-8242-75E86D943D43}.Debug|x86.ActiveCfg = Debug|Any CPU
		{53A30C7B-92F2-4A13-8242-75E86D943D43}.Debug|x86.Build.0 = Debug|Any CPU
		{53A30C7B-92F2-4A13-8242-75E86D943D43}.Release|Any CPU.ActiveCfg = Release|Any CPU
		{53A30C7B-92F2-4A13-8242-75E86D943D43}.Release|Any CPU.Build.0 = Release|Any CPU
		{53A30C7B-92F2-4A13-8242-75E86D943D43}.Release|x64.ActiveCfg = Release|Any CPU
		{53A30C7B-92F2-4A13-8242-75E86D943D43}.Release|x64.Build.0 = Release|Any CPU
		{53A30C7B-92F2-4A13-8242-75E86D943D43}.Release|x86.ActiveCfg = Release|Any CPU
		{53A30C7B-92F2-4A13-8242-75E86D943D43}.Release|x86.Build.0 = Release|Any CPU
		{686F3F7B-84C6-4CAD-A5E0-733E6225E349}.Debug|Any CPU.ActiveCfg = Debug|Any CPU
		{686F3F7B-84C6-4CAD-A5E0-733E6225E349}.Debug|x64.ActiveCfg = Debug|Any CPU
		{686F3F7B-84C6-4CAD-A5E0-733E6225E349}.Debug|x64.Build.0 = Debug|Any CPU
		{686F3F7B-84C6-4CAD-A5E0-733E6225E349}.Debug|x86.ActiveCfg = Debug|Any CPU
		{686F3F7B-84C6-4CAD-A5E0-733E6225E349}.Debug|x86.Build.0 = Debug|Any CPU
		{686F3F7B-84C6-4CAD-A5E0-733E6225E349}.Release|Any CPU.ActiveCfg = Release|Any CPU
		{686F3F7B-84C6-4CAD-A5E0-733E6225E349}.Release|Any CPU.Build.0 = Release|Any CPU
		{686F3F7B-84C6-4CAD-A5E0-733E6225E349}.Release|x64.ActiveCfg = Release|Any CPU
		{686F3F7B-84C6-4CAD-A5E0-733E6225E349}.Release|x64.Build.0 = Release|Any CPU
		{686F3F7B-84C6-4CAD-A5E0-733E6225E349}.Release|x86.ActiveCfg = Release|Any CPU
		{686F3F7B-84C6-4CAD-A5E0-733E6225E349}.Release|x86.Build.0 = Release|Any CPU
		{C4BD61ED-8E26-4380-9322-07453A1A4A27}.Debug|Any CPU.ActiveCfg = Debug|Any CPU
		{C4BD61ED-8E26-4380-9322-07453A1A4A27}.Debug|x64.ActiveCfg = Debug|Any CPU
		{C4BD61ED-8E26-4380-9322-07453A1A4A27}.Debug|x64.Build.0 = Debug|Any CPU
		{C4BD61ED-8E26-4380-9322-07453A1A4A27}.Debug|x86.ActiveCfg = Debug|Any CPU
		{C4BD61ED-8E26-4380-9322-07453A1A4A27}.Debug|x86.Build.0 = Debug|Any CPU
		{C4BD61ED-8E26-4380-9322-07453A1A4A27}.Release|Any CPU.ActiveCfg = Release|Any CPU
		{C4BD61ED-8E26-4380-9322-07453A1A4A27}.Release|Any CPU.Build.0 = Release|Any CPU
		{C4BD61ED-8E26-4380-9322-07453A1A4A27}.Release|x64.ActiveCfg = Release|Any CPU
		{C4BD61ED-8E26-4380-9322-07453A1A4A27}.Release|x64.Build.0 = Release|Any CPU
		{C4BD61ED-8E26-4380-9322-07453A1A4A27}.Release|x86.ActiveCfg = Release|Any CPU
		{C4BD61ED-8E26-4380-9322-07453A1A4A27}.Release|x86.Build.0 = Release|Any CPU
		{E1CE6AF6-942C-40DB-B717-9990B807B49F}.Debug|Any CPU.ActiveCfg = Debug|Any CPU
		{E1CE6AF6-942C-40DB-B717-9990B807B49F}.Debug|x64.ActiveCfg = Debug|Any CPU
		{E1CE6AF6-942C-40DB-B717-9990B807B49F}.Debug|x64.Build.0 = Debug|Any CPU
		{E1CE6AF6-942C-40DB-B717-9990B807B49F}.Debug|x86.ActiveCfg = Debug|Any CPU
		{E1CE6AF6-942C-40DB-B717-9990B807B49F}.Debug|x86.Build.0 = Debug|Any CPU
		{E1CE6AF6-942C-40DB-B717-9990B807B49F}.Release|Any CPU.ActiveCfg = Release|Any CPU
		{E1CE6AF6-942C-40DB-B717-9990B807B49F}.Release|Any CPU.Build.0 = Release|Any CPU
		{E1CE6AF6-942C-40DB-B717-9990B807B49F}.Release|x64.ActiveCfg = Release|Any CPU
		{E1CE6AF6-942C-40DB-B717-9990B807B49F}.Release|x64.Build.0 = Release|Any CPU
		{E1CE6AF6-942C-40DB-B717-9990B807B49F}.Release|x86.ActiveCfg = Release|Any CPU
		{E1CE6AF6-942C-40DB-B717-9990B807B49F}.Release|x86.Build.0 = Release|Any CPU
		{18BFB137-04C1-4A41-AF0D-2F33CD0C3CDE}.Debug|Any CPU.ActiveCfg = Debug|Any CPU
		{18BFB137-04C1-4A41-AF0D-2F33CD0C3CDE}.Debug|x64.ActiveCfg = Debug|Any CPU
		{18BFB137-04C1-4A41-AF0D-2F33CD0C3CDE}.Debug|x64.Build.0 = Debug|Any CPU
		{18BFB137-04C1-4A41-AF0D-2F33CD0C3CDE}.Debug|x86.ActiveCfg = Debug|Any CPU
		{18BFB137-04C1-4A41-AF0D-2F33CD0C3CDE}.Debug|x86.Build.0 = Debug|Any CPU
		{18BFB137-04C1-4A41-AF0D-2F33CD0C3CDE}.Release|Any CPU.ActiveCfg = Release|Any CPU
		{18BFB137-04C1-4A41-AF0D-2F33CD0C3CDE}.Release|Any CPU.Build.0 = Release|Any CPU
		{18BFB137-04C1-4A41-AF0D-2F33CD0C3CDE}.Release|x64.ActiveCfg = Release|Any CPU
		{18BFB137-04C1-4A41-AF0D-2F33CD0C3CDE}.Release|x64.Build.0 = Release|Any CPU
		{18BFB137-04C1-4A41-AF0D-2F33CD0C3CDE}.Release|x86.ActiveCfg = Release|Any CPU
		{18BFB137-04C1-4A41-AF0D-2F33CD0C3CDE}.Release|x86.Build.0 = Release|Any CPU
		{CE8882F8-A1A5-4733-BF2E-7003FA1E2CB8}.Debug|Any CPU.ActiveCfg = Debug|Any CPU
		{CE8882F8-A1A5-4733-BF2E-7003FA1E2CB8}.Debug|x64.ActiveCfg = Debug|Any CPU
		{CE8882F8-A1A5-4733-BF2E-7003FA1E2CB8}.Debug|x64.Build.0 = Debug|Any CPU
		{CE8882F8-A1A5-4733-BF2E-7003FA1E2CB8}.Debug|x86.ActiveCfg = Debug|Any CPU
		{CE8882F8-A1A5-4733-BF2E-7003FA1E2CB8}.Debug|x86.Build.0 = Debug|Any CPU
		{CE8882F8-A1A5-4733-BF2E-7003FA1E2CB8}.Release|Any CPU.ActiveCfg = Release|Any CPU
		{CE8882F8-A1A5-4733-BF2E-7003FA1E2CB8}.Release|Any CPU.Build.0 = Release|Any CPU
		{CE8882F8-A1A5-4733-BF2E-7003FA1E2CB8}.Release|x64.ActiveCfg = Release|Any CPU
		{CE8882F8-A1A5-4733-BF2E-7003FA1E2CB8}.Release|x64.Build.0 = Release|Any CPU
		{CE8882F8-A1A5-4733-BF2E-7003FA1E2CB8}.Release|x86.ActiveCfg = Release|Any CPU
		{CE8882F8-A1A5-4733-BF2E-7003FA1E2CB8}.Release|x86.Build.0 = Release|Any CPU
		{4D619627-051F-4C0F-8C07-5278E1F203F9}.Debug|Any CPU.ActiveCfg = Debug|Any CPU
		{4D619627-051F-4C0F-8C07-5278E1F203F9}.Debug|x64.ActiveCfg = Debug|Any CPU
		{4D619627-051F-4C0F-8C07-5278E1F203F9}.Debug|x64.Build.0 = Debug|Any CPU
		{4D619627-051F-4C0F-8C07-5278E1F203F9}.Debug|x86.ActiveCfg = Debug|Any CPU
		{4D619627-051F-4C0F-8C07-5278E1F203F9}.Debug|x86.Build.0 = Debug|Any CPU
		{4D619627-051F-4C0F-8C07-5278E1F203F9}.Release|Any CPU.ActiveCfg = Release|Any CPU
		{4D619627-051F-4C0F-8C07-5278E1F203F9}.Release|Any CPU.Build.0 = Release|Any CPU
		{4D619627-051F-4C0F-8C07-5278E1F203F9}.Release|x64.ActiveCfg = Release|Any CPU
		{4D619627-051F-4C0F-8C07-5278E1F203F9}.Release|x64.Build.0 = Release|Any CPU
		{4D619627-051F-4C0F-8C07-5278E1F203F9}.Release|x86.ActiveCfg = Release|Any CPU
		{4D619627-051F-4C0F-8C07-5278E1F203F9}.Release|x86.Build.0 = Release|Any CPU
		{8C184E8E-3C0B-48A6-934C-7DD7AE496C2C}.Debug|Any CPU.ActiveCfg = Debug|Any CPU
		{8C184E8E-3C0B-48A6-934C-7DD7AE496C2C}.Debug|x64.ActiveCfg = Debug|Any CPU
		{8C184E8E-3C0B-48A6-934C-7DD7AE496C2C}.Debug|x64.Build.0 = Debug|Any CPU
		{8C184E8E-3C0B-48A6-934C-7DD7AE496C2C}.Debug|x86.ActiveCfg = Debug|Any CPU
		{8C184E8E-3C0B-48A6-934C-7DD7AE496C2C}.Debug|x86.Build.0 = Debug|Any CPU
		{8C184E8E-3C0B-48A6-934C-7DD7AE496C2C}.Release|Any CPU.ActiveCfg = Release|Any CPU
		{8C184E8E-3C0B-48A6-934C-7DD7AE496C2C}.Release|Any CPU.Build.0 = Release|Any CPU
		{8C184E8E-3C0B-48A6-934C-7DD7AE496C2C}.Release|x64.ActiveCfg = Release|Any CPU
		{8C184E8E-3C0B-48A6-934C-7DD7AE496C2C}.Release|x64.Build.0 = Release|Any CPU
		{8C184E8E-3C0B-48A6-934C-7DD7AE496C2C}.Release|x86.ActiveCfg = Release|Any CPU
		{8C184E8E-3C0B-48A6-934C-7DD7AE496C2C}.Release|x86.Build.0 = Release|Any CPU
		{F0C2D891-76A9-4D8B-99FD-F1A49174BCF8}.Debug|Any CPU.ActiveCfg = Debug|Any CPU
		{F0C2D891-76A9-4D8B-99FD-F1A49174BCF8}.Debug|x64.ActiveCfg = Debug|Any CPU
		{F0C2D891-76A9-4D8B-99FD-F1A49174BCF8}.Debug|x64.Build.0 = Debug|Any CPU
		{F0C2D891-76A9-4D8B-99FD-F1A49174BCF8}.Debug|x86.ActiveCfg = Debug|Any CPU
		{F0C2D891-76A9-4D8B-99FD-F1A49174BCF8}.Debug|x86.Build.0 = Debug|Any CPU
		{F0C2D891-76A9-4D8B-99FD-F1A49174BCF8}.Release|Any CPU.ActiveCfg = Release|Any CPU
		{F0C2D891-76A9-4D8B-99FD-F1A49174BCF8}.Release|Any CPU.Build.0 = Release|Any CPU
		{F0C2D891-76A9-4D8B-99FD-F1A49174BCF8}.Release|x64.ActiveCfg = Release|Any CPU
		{F0C2D891-76A9-4D8B-99FD-F1A49174BCF8}.Release|x64.Build.0 = Release|Any CPU
		{F0C2D891-76A9-4D8B-99FD-F1A49174BCF8}.Release|x86.ActiveCfg = Release|Any CPU
		{F0C2D891-76A9-4D8B-99FD-F1A49174BCF8}.Release|x86.Build.0 = Release|Any CPU
		{DA28ACF1-1612-4740-BFE3-017184873D9B}.Debug|Any CPU.ActiveCfg = Debug|Any CPU
		{DA28ACF1-1612-4740-BFE3-017184873D9B}.Debug|x64.ActiveCfg = Debug|Any CPU
		{DA28ACF1-1612-4740-BFE3-017184873D9B}.Debug|x64.Build.0 = Debug|Any CPU
		{DA28ACF1-1612-4740-BFE3-017184873D9B}.Debug|x86.ActiveCfg = Debug|Any CPU
		{DA28ACF1-1612-4740-BFE3-017184873D9B}.Debug|x86.Build.0 = Debug|Any CPU
		{DA28ACF1-1612-4740-BFE3-017184873D9B}.Release|Any CPU.ActiveCfg = Release|Any CPU
		{DA28ACF1-1612-4740-BFE3-017184873D9B}.Release|Any CPU.Build.0 = Release|Any CPU
		{DA28ACF1-1612-4740-BFE3-017184873D9B}.Release|x64.ActiveCfg = Release|Any CPU
		{DA28ACF1-1612-4740-BFE3-017184873D9B}.Release|x64.Build.0 = Release|Any CPU
		{DA28ACF1-1612-4740-BFE3-017184873D9B}.Release|x86.ActiveCfg = Release|Any CPU
		{DA28ACF1-1612-4740-BFE3-017184873D9B}.Release|x86.Build.0 = Release|Any CPU
		{B1F37480-00C9-4408-A22F-A56569E88E00}.Debug|Any CPU.ActiveCfg = Debug|Any CPU
		{B1F37480-00C9-4408-A22F-A56569E88E00}.Debug|x64.ActiveCfg = Debug|Any CPU
		{B1F37480-00C9-4408-A22F-A56569E88E00}.Debug|x64.Build.0 = Debug|Any CPU
		{B1F37480-00C9-4408-A22F-A56569E88E00}.Debug|x86.ActiveCfg = Debug|Any CPU
		{B1F37480-00C9-4408-A22F-A56569E88E00}.Debug|x86.Build.0 = Debug|Any CPU
		{B1F37480-00C9-4408-A22F-A56569E88E00}.Release|Any CPU.ActiveCfg = Release|Any CPU
		{B1F37480-00C9-4408-A22F-A56569E88E00}.Release|Any CPU.Build.0 = Release|Any CPU
		{B1F37480-00C9-4408-A22F-A56569E88E00}.Release|x64.ActiveCfg = Release|Any CPU
		{B1F37480-00C9-4408-A22F-A56569E88E00}.Release|x64.Build.0 = Release|Any CPU
		{B1F37480-00C9-4408-A22F-A56569E88E00}.Release|x86.ActiveCfg = Release|Any CPU
		{B1F37480-00C9-4408-A22F-A56569E88E00}.Release|x86.Build.0 = Release|Any CPU
		{12140D13-0A15-4399-ACC4-C2C8379E8F44}.Debug|Any CPU.ActiveCfg = Debug|Any CPU
		{12140D13-0A15-4399-ACC4-C2C8379E8F44}.Debug|x64.ActiveCfg = Debug|Any CPU
		{12140D13-0A15-4399-ACC4-C2C8379E8F44}.Debug|x64.Build.0 = Debug|Any CPU
		{12140D13-0A15-4399-ACC4-C2C8379E8F44}.Debug|x86.ActiveCfg = Debug|Any CPU
		{12140D13-0A15-4399-ACC4-C2C8379E8F44}.Debug|x86.Build.0 = Debug|Any CPU
		{12140D13-0A15-4399-ACC4-C2C8379E8F44}.Release|Any CPU.ActiveCfg = Release|Any CPU
		{12140D13-0A15-4399-ACC4-C2C8379E8F44}.Release|Any CPU.Build.0 = Release|Any CPU
		{12140D13-0A15-4399-ACC4-C2C8379E8F44}.Release|x64.ActiveCfg = Release|Any CPU
		{12140D13-0A15-4399-ACC4-C2C8379E8F44}.Release|x64.Build.0 = Release|Any CPU
		{12140D13-0A15-4399-ACC4-C2C8379E8F44}.Release|x86.ActiveCfg = Release|Any CPU
		{12140D13-0A15-4399-ACC4-C2C8379E8F44}.Release|x86.Build.0 = Release|Any CPU
		{647457C2-6386-47A4-B329-1F3D5B5E44A4}.Debug|Any CPU.ActiveCfg = Debug|Any CPU
		{647457C2-6386-47A4-B329-1F3D5B5E44A4}.Debug|Any CPU.Build.0 = Debug|Any CPU
		{647457C2-6386-47A4-B329-1F3D5B5E44A4}.Debug|x64.ActiveCfg = Debug|Any CPU
		{647457C2-6386-47A4-B329-1F3D5B5E44A4}.Debug|x64.Build.0 = Debug|Any CPU
		{647457C2-6386-47A4-B329-1F3D5B5E44A4}.Debug|x86.ActiveCfg = Debug|Any CPU
		{647457C2-6386-47A4-B329-1F3D5B5E44A4}.Debug|x86.Build.0 = Debug|Any CPU
		{647457C2-6386-47A4-B329-1F3D5B5E44A4}.Release|Any CPU.ActiveCfg = Release|Any CPU
		{647457C2-6386-47A4-B329-1F3D5B5E44A4}.Release|Any CPU.Build.0 = Release|Any CPU
		{647457C2-6386-47A4-B329-1F3D5B5E44A4}.Release|x64.ActiveCfg = Release|Any CPU
		{647457C2-6386-47A4-B329-1F3D5B5E44A4}.Release|x64.Build.0 = Release|Any CPU
		{647457C2-6386-47A4-B329-1F3D5B5E44A4}.Release|x86.ActiveCfg = Release|Any CPU
		{647457C2-6386-47A4-B329-1F3D5B5E44A4}.Release|x86.Build.0 = Release|Any CPU
		{81CF900A-7B6E-4D0F-94EE-DCEF8D031CBA}.Debug|Any CPU.ActiveCfg = Debug|Any CPU
		{81CF900A-7B6E-4D0F-94EE-DCEF8D031CBA}.Debug|Any CPU.Build.0 = Debug|Any CPU
		{81CF900A-7B6E-4D0F-94EE-DCEF8D031CBA}.Debug|x64.ActiveCfg = Debug|Any CPU
		{81CF900A-7B6E-4D0F-94EE-DCEF8D031CBA}.Debug|x64.Build.0 = Debug|Any CPU
		{81CF900A-7B6E-4D0F-94EE-DCEF8D031CBA}.Debug|x86.ActiveCfg = Debug|Any CPU
		{81CF900A-7B6E-4D0F-94EE-DCEF8D031CBA}.Debug|x86.Build.0 = Debug|Any CPU
		{81CF900A-7B6E-4D0F-94EE-DCEF8D031CBA}.Release|Any CPU.ActiveCfg = Release|Any CPU
		{81CF900A-7B6E-4D0F-94EE-DCEF8D031CBA}.Release|Any CPU.Build.0 = Release|Any CPU
		{81CF900A-7B6E-4D0F-94EE-DCEF8D031CBA}.Release|x64.ActiveCfg = Release|Any CPU
		{81CF900A-7B6E-4D0F-94EE-DCEF8D031CBA}.Release|x64.Build.0 = Release|Any CPU
		{81CF900A-7B6E-4D0F-94EE-DCEF8D031CBA}.Release|x86.ActiveCfg = Release|Any CPU
		{81CF900A-7B6E-4D0F-94EE-DCEF8D031CBA}.Release|x86.Build.0 = Release|Any CPU
		{178E55C6-1C1B-41A0-BDC0-2593D0C52247}.Debug|Any CPU.ActiveCfg = Debug|Any CPU
		{178E55C6-1C1B-41A0-BDC0-2593D0C52247}.Debug|x64.ActiveCfg = Debug|Any CPU
		{178E55C6-1C1B-41A0-BDC0-2593D0C52247}.Debug|x64.Build.0 = Debug|Any CPU
		{178E55C6-1C1B-41A0-BDC0-2593D0C52247}.Debug|x86.ActiveCfg = Debug|Any CPU
		{178E55C6-1C1B-41A0-BDC0-2593D0C52247}.Debug|x86.Build.0 = Debug|Any CPU
		{178E55C6-1C1B-41A0-BDC0-2593D0C52247}.Release|Any CPU.ActiveCfg = Release|Any CPU
		{178E55C6-1C1B-41A0-BDC0-2593D0C52247}.Release|Any CPU.Build.0 = Release|Any CPU
		{178E55C6-1C1B-41A0-BDC0-2593D0C52247}.Release|x64.ActiveCfg = Release|Any CPU
		{178E55C6-1C1B-41A0-BDC0-2593D0C52247}.Release|x64.Build.0 = Release|Any CPU
		{178E55C6-1C1B-41A0-BDC0-2593D0C52247}.Release|x86.ActiveCfg = Release|Any CPU
		{178E55C6-1C1B-41A0-BDC0-2593D0C52247}.Release|x86.Build.0 = Release|Any CPU
	EndGlobalSection
EndGlobal
